
Microsoft Visual Studio Solution File, Format Version 12.00
# Visual Studio Version 17
VisualStudioVersion = 17.14.36511.14
MinimumVisualStudioVersion = 10.0.40219.1
Project("{FAE04EC0-301F-11D3-BF4B-00C04F79EFBC}") = "MesajAPI", "MesajAPI\MesajAPI.csproj", "{FA11A374-C6A9-492E-8175-64DCB0C62375}"
EndProject
Project("{FAE04EC0-301F-11D3-BF4B-00C04F79EFBC}") = "Mesaj", "Mesaj\Mesaj.csproj", "{EB9C5C88-4F16-4A72-B1AA-9C29407E5150}"
EndProject
Project("{FAE04EC0-301F-11D3-BF4B-00C04F79EFBC}") = "MessageRepository", "MessageRepository\MessageRepository.csproj", "{94B58D8D-419A-4E32-A67B-5A207096F1D5}"
EndProject
Global
	GlobalSection(SolutionConfigurationPlatforms) = preSolution
		Debug|Any CPU = Debug|Any CPU
		Release|Any CPU = Release|Any CPU
	EndGlobalSection
	GlobalSection(ProjectConfigurationPlatforms) = postSolution
		{FA11A374-C6A9-492E-8175-64DCB0C62375}.Debug|Any CPU.ActiveCfg = Debug|Any CPU
		{FA11A374-C6A9-492E-8175-64DCB0C62375}.Debug|Any CPU.Build.0 = Debug|Any CPU
		{FA11A374-C6A9-492E-8175-64DCB0C62375}.Release|Any CPU.ActiveCfg = Release|Any CPU
		{FA11A374-C6A9-492E-8175-64DCB0C62375}.Release|Any CPU.Build.0 = Release|Any CPU
		{EB9C5C88-4F16-4A72-B1AA-9C29407E5150}.Debug|Any CPU.ActiveCfg = Debug|Any CPU
		{EB9C5C88-4F16-4A72-B1AA-9C29407E5150}.Debug|Any CPU.Build.0 = Debug|Any CPU
		{EB9C5C88-4F16-4A72-B1AA-9C29407E5150}.Release|Any CPU.ActiveCfg = Release|Any CPU
		{EB9C5C88-4F16-4A72-B1AA-9C29407E5150}.Release|Any CPU.Build.0 = Release|Any CPU
		{94B58D8D-419A-4E32-A67B-5A207096F1D5}.Debug|Any CPU.ActiveCfg = Debug|Any CPU
		{94B58D8D-419A-4E32-A67B-5A207096F1D5}.Debug|Any CPU.Build.0 = Debug|Any CPU
		{94B58D8D-419A-4E32-A67B-5A207096F1D5}.Release|Any CPU.ActiveCfg = Release|Any CPU
		{94B58D8D-419A-4E32-A67B-5A207096F1D5}.Release|Any CPU.Build.0 = Release|Any CPU
	EndGlobalSection
	GlobalSection(SolutionProperties) = preSolution
		HideSolutionNode = FALSE
	EndGlobalSection
	GlobalSection(ExtensibilityGlobals) = postSolution
		SolutionGuid = {F06B9ADA-FF30-403C-8D3C-191E15B7354C}
	EndGlobalSection
EndGlobal
